
Microsoft Visual Studio Solution File, Format Version 12.00
Project("{FAE04EC0-301F-11D3-BF4B-00C04F79EFBC}") = "MPSkins", "MPSkins.csproj", "{91ADF921-3819-4FC6-83BB-7109A4A9AE97}"
EndProject
Global
	GlobalSection(SolutionConfigurationPlatforms) = preSolution
		Debug|Any CPU = Debug|Any CPU
		ExportDebug|Any CPU = ExportDebug|Any CPU
		ExportRelease|Any CPU = ExportRelease|Any CPU
	EndGlobalSection
	GlobalSection(ProjectConfigurationPlatforms) = postSolution
		{91ADF921-3819-4FC6-83BB-7109A4A9AE97}.Debug|Any CPU.ActiveCfg = Debug|Any CPU
		{91ADF921-3819-4FC6-83BB-7109A4A9AE97}.Debug|Any CPU.Build.0 = Debug|Any CPU
		{91ADF921-3819-4FC6-83BB-7109A4A9AE97}.ExportDebug|Any CPU.ActiveCfg = ExportDebug|Any CPU
		{91ADF921-3819-4FC6-83BB-7109A4A9AE97}.ExportDebug|Any CPU.Build.0 = ExportDebug|Any CPU
		{91ADF921-3819-4FC6-83BB-7109A4A9AE97}.ExportRelease|Any CPU.ActiveCfg = ExportRelease|Any CPU
		{91ADF921-3819-4FC6-83BB-7109A4A9AE97}.ExportRelease|Any CPU.Build.0 = ExportRelease|Any CPU
	EndGlobalSection
EndGlobal
